{
  "name": "docpad-plugin-stylus-testsite",
  "version": "0.1.0",
  "lockfileVersion": 1,
  "requires": true,
  "dependencies": {
    "amdefine": {
      "version": "1.0.1",
      "resolved": "https://registry.npmjs.org/amdefine/-/amdefine-1.0.1.tgz",
      "integrity": "sha1-SlKCrBZHKek2Gbz9OtFR+BfOkfU="
    },
    "autoprefixer": {
      "version": "0.8.20131213",
      "resolved": "https://registry.npmjs.org/autoprefixer/-/autoprefixer-0.8.20131213.tgz",
      "integrity": "sha1-/gqRZldgh+KBl1i9Cd32KFn9og0=",
      "requires": {
        "css-parse": "~> 1.6.0",
        "css-stringify": "~> 1.4.1"
      }
    },
    "autoprefixer-stylus": {
      "version": "0.0.3",
      "resolved": "https://registry.npmjs.org/autoprefixer-stylus/-/autoprefixer-stylus-0.0.3.tgz",
      "integrity": "sha1-476W9URLMVcRkildGoEfSScDq1I=",
      "requires": {
        "autoprefixer": "0.8.x"
      }
    },
    "axis-css": {
      "version": "0.1.8",
      "resolved": "https://registry.npmjs.org/axis-css/-/axis-css-0.1.8.tgz",
      "integrity": "sha1-o7Fm1ndrI7W5DQapJuS7dZUXcvU=",
      "requires": {
        "autoprefixer-stylus": "0.0.3"
      }
    },
    "css-parse": {
      "version": "1.6.0",
      "resolved": "https://registry.npmjs.org/css-parse/-/css-parse-1.6.0.tgz",
      "integrity": "sha1-uPwkFvjthZxfv3kchrnrwCJYmM4="
    },
    "css-stringify": {
      "version": "1.4.1",
      "resolved": "https://registry.npmjs.org/css-stringify/-/css-stringify-1.4.1.tgz",
      "integrity": "sha1-JSzL8D9yOgCb3Ydw/n6ydBca/fo=",
      "requires": {
        "source-map": "~0.1.31"
      }
    },
    "source-map": {
      "version": "0.1.43",
      "resolved": "https://registry.npmjs.org/source-map/-/source-map-0.1.43.tgz",
      "integrity": "sha1-wkvBRspRfBRx9drL4lcbK3+eM0Y=",
      "requires": {
        "amdefine": ">=0.0.4"
      }
    }
  }
}
